{
  "_comment": "SHA-256 of every shipped script (LF line endings, no BOM). A script is immutable once listed here; Ariva.UnitTests fails when a listed script changes or an unlisted one appears. Add the entry for a new script in the same pull request.",
  "scripts": {
    "0001_roles.sql": "988d016e15feda84385f95e64188b0ddda64a99f317644a41a441d9a97478f78",
    "0002_data_protection_key.sql": "d624f1f40eb3310b588e9ef400ac9a5791a629a251e15cfee543b7fcd0e3398c",
    "0003_user_account.sql": "f6ab518e2aa9cc6b228dad84f2582bc7695d0284afafe90ce22658989a746277",
    "0004_user_session.sql": "0eb01af08a90cad74eec5974bcb1eea06430235259deac953d7357a33608fa2d",
    "0005_totp.sql": "ae33357970b2d29ed19f68a950b596ec4389cf8979e5dfdef5cc48d97fa1373d",
    "0006_audit_entry.sql": "2d7a2e5600d80f74804e1f439a7ca095f9f0825f4cf467e868504d169442a114",
    "0007_site.sql": "7f4af8b4fc972ecf0fe155b19fb8791830cdf53cc17481b37b1371327b399fd9",
    "0008_topology.sql": "ad89737f4b46dd2e55e418f998e95cf4d1d27afdbb33cbd299e597063b2ea3a8",
    "0009_desk_code_mapping.sql": "a3d74dbd46a9c0f29cc75dbfb67f49aa23bbe752e1a80a3c119120f784250f7f",
    "0010_floor_plan.sql": "33d0d5f3ac23cc8e1c9b9be3cb1dfb531d1f6f212e518fe9bece6ee9cc11d08b",
    "0011_messaging.sql": "def1fb4959b0d549951a6f92eb985279431538e3be4e2acdb8ffb8ba4ea62050",
    "0012_zone_profile.sql": "17c52515a9e8278e27beea77f983fb3e93d68b4f3cc0013c5524f988c6f67545",
    "0013_device.sql": "d4c78ddf737f142f125ce29b73e06633dc7be48009fd6e66a4202dadfbc681e8",
    "0014_device_access.sql": "d5a96b1b2c4a70d789c0c472eabf540e7cae8ba990b782ddac85876138356406",
    "0015_device_mapping.sql": "89e0764eaa58750d5b8e0af486531e6eab1439693fe1b78c382b4b851a40771d",
    "0016_device_health.sql": "55b2bb1a98524f63ca403853d705f7089665574dc7d71289e66840156c1fa80c",
    "0017_sensing_event.sql": "77d4cf78c24eb4e15f7ea7677121fc0e73f25fcbeb785f18f42d162296ea6d4e"
  }
}
