{
  "_comment": "SHA-256 of every shipped script (LF line endings, no BOM). A script is immutable once listed here; Ariva.UnitTests fails when a listed script changes or an unlisted one appears. Add the entry for a new script in the same pull request.",
  "scripts": {
    "0001_roles.sql": "988d016e15feda84385f95e64188b0ddda64a99f317644a41a441d9a97478f78",
    "0002_data_protection_key.sql": "d624f1f40eb3310b588e9ef400ac9a5791a629a251e15cfee543b7fcd0e3398c",
    "0003_user_account.sql": "f6ab518e2aa9cc6b228dad84f2582bc7695d0284afafe90ce22658989a746277",
    "0004_user_session.sql": "0eb01af08a90cad74eec5974bcb1eea06430235259deac953d7357a33608fa2d",
    "0005_totp.sql": "ae33357970b2d29ed19f68a950b596ec4389cf8979e5dfdef5cc48d97fa1373d",
    "0006_audit_entry.sql": "2d7a2e5600d80f74804e1f439a7ca095f9f0825f4cf467e868504d169442a114",
    "0007_site.sql": "7f4af8b4fc972ecf0fe155b19fb8791830cdf53cc17481b37b1371327b399fd9",
    "0008_topology.sql": "ad89737f4b46dd2e55e418f998e95cf4d1d27afdbb33cbd299e597063b2ea3a8",
    "0009_desk_code_mapping.sql": "a3d74dbd46a9c0f29cc75dbfb67f49aa23bbe752e1a80a3c119120f784250f7f",
    "0010_floor_plan.sql": "33d0d5f3ac23cc8e1c9b9be3cb1dfb531d1f6f212e518fe9bece6ee9cc11d08b",
    "0011_messaging.sql": "def1fb4959b0d549951a6f92eb985279431538e3be4e2acdb8ffb8ba4ea62050",
    "0012_zone_profile.sql": "17c52515a9e8278e27beea77f983fb3e93d68b4f3cc0013c5524f988c6f67545",
    "0013_device.sql": "d4c78ddf737f142f125ce29b73e06633dc7be48009fd6e66a4202dadfbc681e8",
    "0014_device_access.sql": "d5a96b1b2c4a70d789c0c472eabf540e7cae8ba990b782ddac85876138356406",
    "0015_device_mapping.sql": "89e0764eaa58750d5b8e0af486531e6eab1439693fe1b78c382b4b851a40771d",
    "0016_device_health.sql": "55b2bb1a98524f63ca403853d705f7089665574dc7d71289e66840156c1fa80c",
    "0017_sensing_event.sql": "77d4cf78c24eb4e15f7ea7677121fc0e73f25fcbeb785f18f42d162296ea6d4e",
    "0018_stream_output.sql": "c8410fdf01eb8b1066b1eb5913a0113827fb0429f30ae1bee234deaa585009e2",
    "0019_replay.sql": "1ef597fc896497e143c31dcbe1f4f8cdc39bf6552da62e69e4ac7d4c14d3a514",
    "0020_alert_rule.sql": "7493ed1e8481d4cb2c7bfa094b6735fe26a2a3d2f7fd82cd8fa4a7caca88b79d",
    "0021_alert.sql": "515d44ef626d8fd0195a258591aa4e76fa2a68decbc6eeb0ef13546dee835f8c",
    "0022_alert_lifecycle.sql": "b78d8a0d1ea302d636f3bcf55602fca501fbcb052676e3ef3df478db36faa988",
    "0023_email_message.sql": "f240b42909523cee9ebd43cf6ad9a656f8aa7f5fb984c078a425327d8cd3f5e6",
    "0024_flights.sql": "985b63b090d88c1d60ab5210853bf0c83b7fc7e725c4fd7d85768eb9c223b38d",
    "0025_integration_client.sql": "696a28d5394e4b82206772d48e2587e86cfe296799734425be9c0414615d36e2",
    "0026_integration_idempotency.sql": "14acc394014690c6377bf994f3d4aa212831ecb9dd747897e74d4f68b65b808a",
    "0027_aidx_idempotency.sql": "97d4a691555a552b684c1aef003c360f3260087980dcc61d664d99db9d3c1981",
    "0028_outbound_endpoint.sql": "cbf6a3de24c43d7786a738b0f6b8f6498e8912a79959dc1697c9bdaf85b4b726",
    "0029_flight_leg_schedule_feed.sql": "a372e085e0c9daa3eef1028a99055d5d509f246f28379b69e8bcdeb3bb641ce7",
    "0030_border_feed.sql": "889e0e4c8fee0305010d97ef0af2cfb9f8d7b7355b05a071f18de75afaa711ca",
    "0031_desk_feed.sql": "63241eeffec7b2d837b6c531c4821642fd693409ef9fdd5d2da306570e5a762c",
    "0032_aman_pull.sql": "afb45a8d53cc71b871dfc7bd648f06d3361e343c601218157353058b736425c2",
    "0033_checkpoint_site_code.sql": "0f3c0d9235b2406f4d91d0e1dc9abe49e1c083f3562e327428368e9a93e45c61",
    "0034_zone_lane.sql": "53643fe957c2c00551e92445576d87a944bdc142c45773c0ef4178c4ea57c5ee",
    "0035_display.sql": "3fe51a2e0373c189a659ba5b103c923adfc9c5458fc625990d8573d501fc5b4e",
    "0036_report.sql": "7928566c2787aacf1efe33c278d076c1636494ede5638e0d43855c4167bf68a5",
    "0037_line_minute.sql": "bb8d64df6a885bff1d9b8e2b5aca9928f46bfb76437a97bbb9cc8edbca46ac35",
    "0038_zone_health.sql": "b1c3a25277443f1000aacaf5a4bea62797b98435f4bd56718062bbe8127e8e31",
    "0039_overflow_minute.sql": "4cb65ba8c39acf6bda350b962dc0e07e577acc87f972cb65bbe64ba5bfc64829",
    "0040_desk_zone_reading.sql": "246ab5abf425cc0407763b9b7517b401865e57f5db38b996eac5743d5a44944a",
    "0041_shadow_nowcast.sql": "00f21ae0fa1c6822cd5355041c528131110ab16e5d6f8b6feeee08101258777f",
    "0042_availability.sql": "faaad5c8c98fc307fba7f422a595f0db4142190baa8be8ed304ad83e72100665",
    "0043_queue_minute_shadow.sql": "9cff3b10a2f061853b9c7b6962121227c85061a5ecf66c7e97e1f861d9ca752d",
    "0044_desk_sensor_minute.sql": "bea4098537db481def0ac767b9efe7e1c3163a3e18c945b68126e7357c22de2e",
    "0045_shadow_sensor_cycle.sql": "1d27ed344e6b509ff28fd4effba104784ead0aea3daa60507fe84a458f326975",
    "0046_site_illustrative.sql": "61226b65ad18f0bc9b1d2e8efd8be7bcf96bf73cac3cd8b1d5ed517ded54dde0",
    "0047_validation_campaign.sql": "7f9e0d73090496e2cdc0a611a140b221ae70fcb48e499d2e03f1d42acccd2afb",
    "0048_validation_tracers_desk_observations.sql": "c2d0208cf2b52e3466ee5c0a303719a94472c19ed13952b79df20b5603aec397",
    "0049_validation_reader_login.sql": "bab01b631f662ef780e13d03395a5cd5eb0eb821f3cff104ec75d9510f8f724d",
    "0050_validation_result_revision.sql": "250880cb3424ef538976a9cfdf3ff61f9431474f369bf6e5f00541268d1e338b"
  }
}
